github.com/fhs/gompd v1.0.1 h1:kBcAhjnAPJQAylZXR0TeH+d2vpjawXlTtKYguqNlF4A=
github.com/fhs/gompd v1.0.1/go.mod h1:b219/mNa9PvRqvkUip51b23hGL3iX4d4q3gNXdtrD04=
github.com/godbus/dbus/v5 v5.1.0 h1:4KLkAxT3aOY8Li4FRJe/KvhoNFFxo0m6fNuFUO8QJUk=
github.com/godbus/dbus/v5 v5.1.0/go.mod h1:xhWf0FNVPg57R7Z0UbKHbJfkEywrmjJnf7w5xrFpKfA=
github.com/gotk3/gotk3 v0.6.2 h1:sx/PjaKfKULJPTPq8p2kn2ZbcNFxpOJqi4VLzMbEOO8=
github.com/gotk3/gotk3 v0.6.2/go.mod h1:/hqFpkNa9T3JgNAE2fLvCdov7c5bw//FHNZrZ3Uv9/Q=
